
Microsoft Visual Studio Solution File, Format Version 12.00
# Visual Studio 2012
Project("{FAE04EC0-301F-11D3-BF4B-00C04F79EFBC}") = "IndicateursAA", "IndicateursAA\IndicateursAA.csproj", "{D0C3F58D-05D3-4E15-96CC-EF0B8A6A1154}"
EndProject
Global
	GlobalSection(SolutionConfigurationPlatforms) = preSolution
		Debug|Any CPU = Debug|Any CPU
		Release|Any CPU = Release|Any CPU
	EndGlobalSection
	GlobalSection(ProjectConfigurationPlatforms) = postSolution
		{D0C3F58D-05D3-4E15-96CC-EF0B8A6A1154}.Debug|Any CPU.ActiveCfg = Debug|Any CPU
		{D0C3F58D-05D3-4E15-96CC-EF0B8A6A1154}.Debug|Any CPU.Build.0 = Debug|Any CPU
		{D0C3F58D-05D3-4E15-96CC-EF0B8A6A1154}.Release|Any CPU.ActiveCfg = Release|Any CPU
		{D0C3F58D-05D3-4E15-96CC-EF0B8A6A1154}.Release|Any CPU.Build.0 = Release|Any CPU
	EndGlobalSection
	GlobalSection(SolutionProperties) = preSolution
		HideSolutionNode = FALSE
	EndGlobalSection
EndGlobal
